
Microsoft Visual Studio Solution File, Format Version 12.00
# Visual Studio Version 17
VisualStudioVersion = 17.11.35303.130
MinimumVisualStudioVersion = 10.0.40219.1
Project("{9A19103F-16F7-4668-BE54-9A1E7A4F7556}") = "MindboxTestTask", "MindboxTestTask\MindboxTestTask.csproj", "{C603071A-2C5D-4CC0-943C-53290FE55400}"
EndProject
Project("{9A19103F-16F7-4668-BE54-9A1E7A4F7556}") = "UnitTestMindbox.Test", "UnitTestMindbox.Test\UnitTestMindbox.Test.csproj", "{4523F1EB-BA04-4248-A70E-16878E561466}"
EndProject
Global
	GlobalSection(SolutionConfigurationPlatforms) = preSolution
		Debug|Any CPU = Debug|Any CPU
		Release|Any CPU = Release|Any CPU
	EndGlobalSection
	GlobalSection(ProjectConfigurationPlatforms) = postSolution
		{C603071A-2C5D-4CC0-943C-53290FE55400}.Debug|Any CPU.ActiveCfg = Debug|Any CPU
		{C603071A-2C5D-4CC0-943C-53290FE55400}.Debug|Any CPU.Build.0 = Debug|Any CPU
		{C603071A-2C5D-4CC0-943C-53290FE55400}.Release|Any CPU.ActiveCfg = Release|Any CPU
		{C603071A-2C5D-4CC0-943C-53290FE55400}.Release|Any CPU.Build.0 = Release|Any CPU
		{4523F1EB-BA04-4248-A70E-16878E561466}.Debug|Any CPU.ActiveCfg = Debug|Any CPU
		{4523F1EB-BA04-4248-A70E-16878E561466}.Debug|Any CPU.Build.0 = Debug|Any CPU
		{4523F1EB-BA04-4248-A70E-16878E561466}.Release|Any CPU.ActiveCfg = Release|Any CPU
		{4523F1EB-BA04-4248-A70E-16878E561466}.Release|Any CPU.Build.0 = Release|Any CPU
	EndGlobalSection
	GlobalSection(SolutionProperties) = preSolution
		HideSolutionNode = FALSE
	EndGlobalSection
	GlobalSection(ExtensibilityGlobals) = postSolution
		SolutionGuid = {06CB6120-836C-47BA-B1BB-97F8E172F629}
	EndGlobalSection
EndGlobal
